
Microsoft Visual Studio Solution File, Format Version 12.00
# Visual Studio Version 17
VisualStudioVersion = 17.11.35327.3
MinimumVisualStudioVersion = 10.0.40219.1
Project("{888888A0-9F3D-457C-B088-3A5042F75D52}") = "drone_gui", "drone_gui.pyproj", "{BAC3D2C2-4FDB-4733-8B92-9C08F7042AAB}"
EndProject
Global
	GlobalSection(SolutionConfigurationPlatforms) = preSolution
		Debug|Any CPU = Debug|Any CPU
		Release|Any CPU = Release|Any CPU
	EndGlobalSection
	GlobalSection(ProjectConfigurationPlatforms) = postSolution
		{BAC3D2C2-4FDB-4733-8B92-9C08F7042AAB}.Debug|Any CPU.ActiveCfg = Debug|Any CPU
		{BAC3D2C2-4FDB-4733-8B92-9C08F7042AAB}.Release|Any CPU.ActiveCfg = Release|Any CPU
	EndGlobalSection
	GlobalSection(SolutionProperties) = preSolution
		HideSolutionNode = FALSE
	EndGlobalSection
	GlobalSection(ExtensibilityGlobals) = postSolution
		SolutionGuid = {0F647158-E539-420F-9E93-D492CC430829}
	EndGlobalSection
EndGlobal
